
Microsoft Visual Studio Solution File, Format Version 12.00
# Visual Studio Version 16
VisualStudioVersion = 16.0.30517.126
MinimumVisualStudioVersion = 10.0.40219.1
Project("{FAE04EC0-301F-11D3-BF4B-00C04F79EFBC}") = "eTickets", "eTickets\eTickets.csproj", "{3343A5FE-B583-44A2-93F7-9076C83C2FE7}"
EndProject
Global
	GlobalSection(SolutionConfigurationPlatforms) = preSolution
		Debug|Any CPU = Debug|Any CPU
		Release|Any CPU = Release|Any CPU
	EndGlobalSection
	GlobalSection(ProjectConfigurationPlatforms) = postSolution
		{3343A5FE-B583-44A2-93F7-9076C83C2FE7}.Debug|Any CPU.ActiveCfg = Debug|Any CPU
		{3343A5FE-B583-44A2-93F7-9076C83C2FE7}.Debug|Any CPU.Build.0 = Debug|Any CPU
		{3343A5FE-B583-44A2-93F7-9076C83C2FE7}.Release|Any CPU.ActiveCfg = Release|Any CPU
		{3343A5FE-B583-44A2-93F7-9076C83C2FE7}.Release|Any CPU.Build.0 = Release|Any CPU
	EndGlobalSection
	GlobalSection(SolutionProperties) = preSolution
		HideSolutionNode = FALSE
	EndGlobalSection
	GlobalSection(ExtensibilityGlobals) = postSolution
		SolutionGuid = {E77BCA50-F9E4-45DF-8A9B-386EC736A0F5}
	EndGlobalSection
EndGlobal
